
Microsoft Visual Studio Solution File, Format Version 12.00
# Visual Studio 15
VisualStudioVersion = 15.0.28307.168
MinimumVisualStudioVersion = 10.0.40219.1
Project("{FAE04EC0-301F-11D3-BF4B-00C04F79EFBC}") = "DataAccess", "DataAccess\DataAccess.csproj", "{A96371E8-9EF2-4C5E-9246-0A057A801F67}"
EndProject
Project("{FAE04EC0-301F-11D3-BF4B-00C04F79EFBC}") = "Business", "Business\Business.csproj", "{2E47C53E-21AC-485F-8AF3-79D7C00D5837}"
EndProject
Project("{FAE04EC0-301F-11D3-BF4B-00C04F79EFBC}") = "Presentation", "Presentation\Presentation.csproj", "{80031B97-73E0-41BB-B5F5-FDCB1506CBE6}"
EndProject
Global
	GlobalSection(SolutionConfigurationPlatforms) = preSolution
		Debug|Any CPU = Debug|Any CPU
		Release|Any CPU = Release|Any CPU
	EndGlobalSection
	GlobalSection(ProjectConfigurationPlatforms) = postSolution
		{A96371E8-9EF2-4C5E-9246-0A057A801F67}.Debug|Any CPU.ActiveCfg = Debug|Any CPU
		{A96371E8-9EF2-4C5E-9246-0A057A801F67}.Debug|Any CPU.Build.0 = Debug|Any CPU
		{A96371E8-9EF2-4C5E-9246-0A057A801F67}.Release|Any CPU.ActiveCfg = Release|Any CPU
		{A96371E8-9EF2-4C5E-9246-0A057A801F67}.Release|Any CPU.Build.0 = Release|Any CPU
		{2E47C53E-21AC-485F-8AF3-79D7C00D5837}.Debug|Any CPU.ActiveCfg = Debug|Any CPU
		{2E47C53E-21AC-485F-8AF3-79D7C00D5837}.Debug|Any CPU.Build.0 = Debug|Any CPU
		{2E47C53E-21AC-485F-8AF3-79D7C00D5837}.Release|Any CPU.ActiveCfg = Release|Any CPU
		{2E47C53E-21AC-485F-8AF3-79D7C00D5837}.Release|Any CPU.Build.0 = Release|Any CPU
		{80031B97-73E0-41BB-B5F5-FDCB1506CBE6}.Debug|Any CPU.ActiveCfg = Debug|Any CPU
		{80031B97-73E0-41BB-B5F5-FDCB1506CBE6}.Debug|Any CPU.Build.0 = Debug|Any CPU
		{80031B97-73E0-41BB-B5F5-FDCB1506CBE6}.Release|Any CPU.ActiveCfg = Release|Any CPU
		{80031B97-73E0-41BB-B5F5-FDCB1506CBE6}.Release|Any CPU.Build.0 = Release|Any CPU
	EndGlobalSection
	GlobalSection(SolutionProperties) = preSolution
		HideSolutionNode = FALSE
	EndGlobalSection
	GlobalSection(ExtensibilityGlobals) = postSolution
		SolutionGuid = {43D00C71-3DE1-427D-B581-07746D9E2FC4}
	EndGlobalSection
EndGlobal
