
Microsoft Visual Studio Solution File, Format Version 12.00
# Visual Studio 15
VisualStudioVersion = 15.0.28307.168
MinimumVisualStudioVersion = 10.0.40219.1
Project("{FAE04EC0-301F-11D3-BF4B-00C04F79EFBC}") = "ConApp", "ConApp\ConApp.csproj", "{325C2EFB-A9B0-4B5A-B62D-12A647C17C6F}"
EndProject
Project("{FAE04EC0-301F-11D3-BF4B-00C04F79EFBC}") = "Business", "Business\Business.csproj", "{3D7CFA2A-D4D9-4024-A7B0-BC9832F8ECBE}"
EndProject
Project("{FAE04EC0-301F-11D3-BF4B-00C04F79EFBC}") = "Repository", "Repository\Repository.csproj", "{5DD8F851-18D5-4748-97B7-5328578A960A}"
EndProject
Project("{FAE04EC0-301F-11D3-BF4B-00C04F79EFBC}") = "Domain", "Domain\Domain.csproj", "{52794312-EFA6-43A5-8007-FBE98C724BE4}"
EndProject
Global
	GlobalSection(SolutionConfigurationPlatforms) = preSolution
		Debug|Any CPU = Debug|Any CPU
		Release|Any CPU = Release|Any CPU
	EndGlobalSection
	GlobalSection(ProjectConfigurationPlatforms) = postSolution
		{325C2EFB-A9B0-4B5A-B62D-12A647C17C6F}.Debug|Any CPU.ActiveCfg = Debug|Any CPU
		{325C2EFB-A9B0-4B5A-B62D-12A647C17C6F}.Debug|Any CPU.Build.0 = Debug|Any CPU
		{325C2EFB-A9B0-4B5A-B62D-12A647C17C6F}.Release|Any CPU.ActiveCfg = Release|Any CPU
		{325C2EFB-A9B0-4B5A-B62D-12A647C17C6F}.Release|Any CPU.Build.0 = Release|Any CPU
		{3D7CFA2A-D4D9-4024-A7B0-BC9832F8ECBE}.Debug|Any CPU.ActiveCfg = Debug|Any CPU
		{3D7CFA2A-D4D9-4024-A7B0-BC9832F8ECBE}.Debug|Any CPU.Build.0 = Debug|Any CPU
		{3D7CFA2A-D4D9-4024-A7B0-BC9832F8ECBE}.Release|Any CPU.ActiveCfg = Release|Any CPU
		{3D7CFA2A-D4D9-4024-A7B0-BC9832F8ECBE}.Release|Any CPU.Build.0 = Release|Any CPU
		{5DD8F851-18D5-4748-97B7-5328578A960A}.Debug|Any CPU.ActiveCfg = Debug|Any CPU
		{5DD8F851-18D5-4748-97B7-5328578A960A}.Debug|Any CPU.Build.0 = Debug|Any CPU
		{5DD8F851-18D5-4748-97B7-5328578A960A}.Release|Any CPU.ActiveCfg = Release|Any CPU
		{5DD8F851-18D5-4748-97B7-5328578A960A}.Release|Any CPU.Build.0 = Release|Any CPU
		{52794312-EFA6-43A5-8007-FBE98C724BE4}.Debug|Any CPU.ActiveCfg = Debug|Any CPU
		{52794312-EFA6-43A5-8007-FBE98C724BE4}.Debug|Any CPU.Build.0 = Debug|Any CPU
		{52794312-EFA6-43A5-8007-FBE98C724BE4}.Release|Any CPU.ActiveCfg = Release|Any CPU
		{52794312-EFA6-43A5-8007-FBE98C724BE4}.Release|Any CPU.Build.0 = Release|Any CPU
	EndGlobalSection
	GlobalSection(SolutionProperties) = preSolution
		HideSolutionNode = FALSE
	EndGlobalSection
	GlobalSection(ExtensibilityGlobals) = postSolution
		SolutionGuid = {C9770B8A-C299-4DC9-A2E6-5ABA032E5317}
	EndGlobalSection
EndGlobal
